
Microsoft Visual Studio Solution File, Format Version 12.00
# Visual Studio Version 17
VisualStudioVersion = 17.4.33213.308
MinimumVisualStudioVersion = 10.0.40219.1
Project("{FAE04EC0-301F-11D3-BF4B-00C04F79EFBC}") = "BloggersMastersAPI", "BloggersMastersAPI\BloggersMastersAPI.csproj", "{C5F7C97D-7974-4C9D-81B7-6DFD26970302}"
EndProject
Global
	GlobalSection(SolutionConfigurationPlatforms) = preSolution
		Debug|Any CPU = Debug|Any CPU
		Release|Any CPU = Release|Any CPU
	EndGlobalSection
	GlobalSection(ProjectConfigurationPlatforms) = postSolution
		{C5F7C97D-7974-4C9D-81B7-6DFD26970302}.Debug|Any CPU.ActiveCfg = Debug|Any CPU
		{C5F7C97D-7974-4C9D-81B7-6DFD26970302}.Debug|Any CPU.Build.0 = Debug|Any CPU
		{C5F7C97D-7974-4C9D-81B7-6DFD26970302}.Release|Any CPU.ActiveCfg = Release|Any CPU
		{C5F7C97D-7974-4C9D-81B7-6DFD26970302}.Release|Any CPU.Build.0 = Release|Any CPU
	EndGlobalSection
	GlobalSection(SolutionProperties) = preSolution
		HideSolutionNode = FALSE
	EndGlobalSection
	GlobalSection(ExtensibilityGlobals) = postSolution
		SolutionGuid = {74812FFE-EA67-4041-BB0F-29C7572E55B2}
	EndGlobalSection
EndGlobal
